// !$*UTF8*$!
{
	archiveVersion = 1;
	classes = {
	};
	objectVersion = 46;
	objects = {

/* Begin PBXBuildFile section */
		B894F4291DEBD419005FC7E3 /* VFS.framework in Frameworks */ = {isa = PBXBuildFile; fileRef = B894F4281DEBD419005FC7E3 /* VFS.framework */; };
		B894F42A1DEBD419005FC7E3 /* VFS.framework in Embed Frameworks */ = {isa = PBXBuildFile; fileRef = B894F4281DEBD419005FC7E3 /* VFS.framework */; settings = {ATTRIBUTES = (CodeSignOnCopy, RemoveHeadersOnCopy, ); }; };
		B8B19A241DDC00A10095C688 /* AppDelegate.swift in Sources */ = {isa = PBXBuildFile; fileRef = B8B19A231DDC00A10095C688 /* AppDelegate.swift */; };
		B8B19A261DDC00A10095C688 /* ViewController.swift in Sources */ = {isa = PBXBuildFile; fileRef = B8B19A251DDC00A10095C688 /* ViewController.swift */; };
		B8B19A291DDC00A10095C688 /* Main.storyboard in Resources */ = {isa = PBXBuildFile; fileRef = B8B19A271DDC00A10095C688 /* Main.storyboard */; };
		B8B19A2B1DDC00A20095C688 /* Assets.xcassets in Resources */ = {isa = PBXBuildFile; fileRef = B8B19A2A1DDC00A20095C688 /* Assets.xcassets */; };
		B8B19A2E1DDC00A20095C688 /* LaunchScreen.storyboard in Resources */ = {isa = PBXBuildFile; fileRef = B8B19A2C1DDC00A20095C688 /* LaunchScreen.storyboard */; };
		B8B19A391DDC00A20095C688 /* ExampleTests.swift in Sources */ = {isa = PBXBuildFile; fileRef = B8B19A381DDC00A20095C688 /* ExampleTests.swift */; };
		B8B19A441DDC00A20095C688 /* ExampleUITests.swift in Sources */ = {isa = PBXBuildFile; fileRef = B8B19A431DDC00A20095C688 /* ExampleUITests.swift */; };
/* End PBXBuildFile section */

/* Begin PBXContainerItemProxy section */
		B8B19A351DDC00A20095C688 /* PBXContainerItemProxy */ = {
			isa = PBXContainerItemProxy;
			containerPortal = B8B19A181DDC00A10095C688 /* Project object */;
			proxyType = 1;
			remoteGlobalIDString = B8B19A1F1DDC00A10095C688;
			remoteInfo = Example;
		};
		B8B19A401DDC00A20095C688 /* PBXContainerItemProxy */ = {
			isa = PBXContainerItemProxy;
			containerPortal = B8B19A181DDC00A10095C688 /* Project object */;
			proxyType = 1;
			remoteGlobalIDString = B8B19A1F1DDC00A10095C688;
			remoteInfo = Example;
		};
/* End PBXContainerItemProxy section */

/* Begin PBXCopyFilesBuildPhase section */
		B894F39D1DEBC6DF005FC7E3 /* Embed Frameworks */ = {
			isa = PBXCopyFilesBuildPhase;
			buildActionMask = 2147483647;
			dstPath = "";
			dstSubfolderSpec = 10;
			files = (
				B894F42A1DEBD419005FC7E3 /* VFS.framework in Embed Frameworks */,
			);
			name = "Embed Frameworks";
			runOnlyForDeploymentPostprocessing = 0;
		};
/* End PBXCopyFilesBuildPhase section */

/* Begin PBXFileReference section */
		B894F4281DEBD419005FC7E3 /* VFS.framework */ = {isa = PBXFileReference; lastKnownFileType = wrapper.framework; name = VFS.framework; path = Vender/VFS.framework; sourceTree = "<group>"; };
		B8B19A201DDC00A10095C688 /* Example.app */ = {isa = PBXFileReference; explicitFileType = wrapper.application; includeInIndex = 0; path = Example.app; sourceTree = BUILT_PRODUCTS_DIR; };
		B8B19A231DDC00A10095C688 /* AppDelegate.swift */ = {isa = PBXFileReference; lastKnownFileType = sourcecode.swift; path = AppDelegate.swift; sourceTree = "<group>"; };
		B8B19A251DDC00A10095C688 /* ViewController.swift */ = {isa = PBXFileReference; lastKnownFileType = sourcecode.swift; path = ViewController.swift; sourceTree = "<group>"; };
		B8B19A281DDC00A10095C688 /* Base */ = {isa = PBXFileReference; lastKnownFileType = file.storyboard; name = Base; path = Base.lproj/Main.storyboard; sourceTree = "<group>"; };
		B8B19A2A1DDC00A20095C688 /* Assets.xcassets */ = {isa = PBXFileReference; lastKnownFileType = folder.assetcatalog; path = Assets.xcassets; sourceTree = "<group>"; };
		B8B19A2D1DDC00A20095C688 /* Base */ = {isa = PBXFileReference; lastKnownFileType = file.storyboard; name = Base; path = Base.lproj/LaunchScreen.storyboard; sourceTree = "<group>"; };
		B8B19A2F1DDC00A20095C688 /* Info.plist */ = {isa = PBXFileReference; lastKnownFileType = text.plist.xml; path = Info.plist; sourceTree = "<group>"; };
		B8B19A341DDC00A20095C688 /* ExampleTests.xctest */ = {isa = PBXFileReference; explicitFileType = wrapper.cfbundle; includeInIndex = 0; path = ExampleTests.xctest; sourceTree = BUILT_PRODUCTS_DIR; };
		B8B19A381DDC00A20095C688 /* ExampleTests.swift */ = {isa = PBXFileReference; lastKnownFileType = sourcecode.swift; path = ExampleTests.swift; sourceTree = "<group>"; };
		B8B19A3A1DDC00A20095C688 /* Info.plist */ = {isa = PBXFileReference; lastKnownFileType = text.plist.xml; path = Info.plist; sourceTree = "<group>"; };
		B8B19A3F1DDC00A20095C688 /* ExampleUITests.xctest */ = {isa = PBXFileReference; explicitFileType = wrapper.cfbundle; includeInIndex = 0; path = ExampleUITests.xctest; sourceTree = BUILT_PRODUCTS_DIR; };
		B8B19A431DDC00A20095C688 /* ExampleUITests.swift */ = {isa = PBXFileReference; lastKnownFileType = sourcecode.swift; path = ExampleUITests.swift; sourceTree = "<group>"; };
		B8B19A451DDC00A20095C688 /* Info.plist */ = {isa = PBXFileReference; lastKnownFileType = text.plist.xml; path = Info.plist; sourceTree = "<group>"; };
/* End PBXFileReference section */

/* Begin PBXFrameworksBuildPhase section */
		B8B19A1D1DDC00A10095C688 /* Frameworks */ = {
			isa = PBXFrameworksBuildPhase;
			buildActionMask = 2147483647;
			files = (
				B894F4291DEBD419005FC7E3 /* VFS.framework in Frameworks */,
			);
			runOnlyForDeploymentPostprocessing = 0;
		};
		B8B19A311DDC00A20095C688 /* Frameworks */ = {
			isa = PBXFrameworksBuildPhase;
			buildActionMask = 2147483647;
			files = (
			);
			runOnlyForDeploymentPostprocessing = 0;
		};
		B8B19A3C1DDC00A20095C688 /* Frameworks */ = {
			isa = PBXFrameworksBuildPhase;
			buildActionMask = 2147483647;
			files = (
			);
			runOnlyForDeploymentPostprocessing = 0;
		};
/* End PBXFrameworksBuildPhase section */

/* Begin PBXGroup section */
		B8B19A171DDC00A10095C688 = {
			isa = PBXGroup;
			children = (
				B894F4281DEBD419005FC7E3 /* VFS.framework */,
				B8B19A221DDC00A10095C688 /* Example */,
				B8B19A371DDC00A20095C688 /* ExampleTests */,
				B8B19A421DDC00A20095C688 /* ExampleUITests */,
				B8B19A211DDC00A10095C688 /* Products */,
			);
			sourceTree = "<group>";
		};
		B8B19A211DDC00A10095C688 /* Products */ = {
			isa = PBXGroup;
			children = (
				B8B19A201DDC00A10095C688 /* Example.app */,
				B8B19A341DDC00A20095C688 /* ExampleTests.xctest */,
				B8B19A3F1DDC00A20095C688 /* ExampleUITests.xctest */,
			);
			name = Products;
			sourceTree = "<group>";
		};
		B8B19A221DDC00A10095C688 /* Example */ = {
			isa = PBXGroup;
			children = (
				B8B19A231DDC00A10095C688 /* AppDelegate.swift */,
				B8B19A251DDC00A10095C688 /* ViewController.swift */,
				B8B19A271DDC00A10095C688 /* Main.storyboard */,
				B8B19A2A1DDC00A20095C688 /* Assets.xcassets */,
				B8B19A2C1DDC00A20095C688 /* LaunchScreen.storyboard */,
				B8B19A2F1DDC00A20095C688 /* Info.plist */,
			);
			path = Example;
			sourceTree = "<group>";
		};
		B8B19A371DDC00A20095C688 /* ExampleTests */ = {
			isa = PBXGroup;
			children = (
				B8B19A381DDC00A20095C688 /* ExampleTests.swift */,
				B8B19A3A1DDC00A20095C688 /* Info.plist */,
			);
			path = ExampleTests;
			sourceTree = "<group>";
		};
		B8B19A421DDC00A20095C688 /* ExampleUITests */ = {
			isa = PBXGroup;
			children = (
				B8B19A431DDC00A20095C688 /* ExampleUITests.swift */,
				B8B19A451DDC00A20095C688 /* Info.plist */,
			);
			path = ExampleUITests;
			sourceTree = "<group>";
		};
/* End PBXGroup section */

/* Begin PBXNativeTarget section */
		B8B19A1F1DDC00A10095C688 /* Example */ = {
			isa = PBXNativeTarget;
			buildConfigurationList = B8B19A481DDC00A20095C688 /* Build configuration list for PBXNativeTarget "Example" */;
			buildPhases = (
				B8B19A1C1DDC00A10095C688 /* Sources */,
				B8B19A1D1DDC00A10095C688 /* Frameworks */,
				B8B19A1E1DDC00A10095C688 /* Resources */,
				B894F39D1DEBC6DF005FC7E3 /* Embed Frameworks */,
			);
			buildRules = (
			);
			dependencies = (
			);
			name = Example;
			productName = Example;
			productReference = B8B19A201DDC00A10095C688 /* Example.app */;
			productType = "com.apple.product-type.application";
		};
		B8B19A331DDC00A20095C688 /* ExampleTests */ = {
			isa = PBXNativeTarget;
			buildConfigurationList = B8B19A4B1DDC00A20095C688 /* Build configuration list for PBXNativeTarget "ExampleTests" */;
			buildPhases = (
				B8B19A301DDC00A20095C688 /* Sources */,
				B8B19A311DDC00A20095C688 /* Frameworks */,
				B8B19A321DDC00A20095C688 /* Resources */,
			);
			buildRules = (
			);
			dependencies = (
				B8B19A361DDC00A20095C688 /* PBXTargetDependency */,
			);
			name = ExampleTests;
			productName = ExampleTests;
			productReference = B8B19A341DDC00A20095C688 /* ExampleTests.xctest */;
			productType = "com.apple.product-type.bundle.unit-test";
		};
		B8B19A3E1DDC00A20095C688 /* ExampleUITests */ = {
			isa = PBXNativeTarget;
			buildConfigurationList = B8B19A4E1DDC00A20095C688 /* Build configuration list for PBXNativeTarget "ExampleUITests" */;
			buildPhases = (
				B8B19A3B1DDC00A20095C688 /* Sources */,
				B8B19A3C1DDC00A20095C688 /* Frameworks */,
				B8B19A3D1DDC00A20095C688 /* Resources */,
			);
			buildRules = (
			);
			dependencies = (
				B8B19A411DDC00A20095C688 /* PBXTargetDependency */,
			);
			name = ExampleUITests;
			productName = ExampleUITests;
			productReference = B8B19A3F1DDC00A20095C688 /* ExampleUITests.xctest */;
			productType = "com.apple.product-type.bundle.ui-testing";
		};
/* End PBXNativeTarget section */

/* Begin PBXProject section */
		B8B19A181DDC00A10095C688 /* Project object */ = {
			isa = PBXProject;
			attributes = {
				LastSwiftUpdateCheck = 0810;
				LastUpgradeCheck = 0810;
				ORGANIZATIONNAME = waltoncob;
				TargetAttributes = {
					B8B19A1F1DDC00A10095C688 = {
						CreatedOnToolsVersion = 8.1;
						DevelopmentTeam = ZADQ8AK2T5;
						ProvisioningStyle = Automatic;
					};
					B8B19A331DDC00A20095C688 = {
						CreatedOnToolsVersion = 8.1;
						DevelopmentTeam = ZADQ8AK2T5;
						ProvisioningStyle = Automatic;
						TestTargetID = B8B19A1F1DDC00A10095C688;
					};
					B8B19A3E1DDC00A20095C688 = {
						CreatedOnToolsVersion = 8.1;
						DevelopmentTeam = ZADQ8AK2T5;
						ProvisioningStyle = Automatic;
						TestTargetID = B8B19A1F1DDC00A10095C688;
					};
				};
			};
			buildConfigurationList = B8B19A1B1DDC00A10095C688 /* Build configuration list for PBXProject "Example" */;
			compatibilityVersion = "Xcode 3.2";
			developmentRegion = English;
			hasScannedForEncodings = 0;
			knownRegions = (
				en,
				Base,
			);
			mainGroup = B8B19A171DDC00A10095C688;
			productRefGroup = B8B19A211DDC00A10095C688 /* Products */;
			projectDirPath = "";
			projectRoot = "";
			targets = (
				B8B19A1F1DDC00A10095C688 /* Example */,
				B8B19A331DDC00A20095C688 /* ExampleTests */,
				B8B19A3E1DDC00A20095C688 /* ExampleUITests */,
			);
		};
/* End PBXProject section */

/* Begin PBXResourcesBuildPhase section */
		B8B19A1E1DDC00A10095C688 /* Resources */ = {
			isa = PBXResourcesBuildPhase;
			buildActionMask = 2147483647;
			files = (
				B8B19A2E1DDC00A20095C688 /* LaunchScreen.storyboard in Resources */,
				B8B19A2B1DDC00A20095C688 /* Assets.xcassets in Resources */,
				B8B19A291DDC00A10095C688 /* Main.storyboard in Resources */,
			);
			runOnlyForDeploymentPostprocessing = 0;
		};
		B8B19A321DDC00A20095C688 /* Resources */ = {
			isa = PBXResourcesBuildPhase;
			buildActionMask = 2147483647;
			files = (
			);
			runOnlyForDeploymentPostprocessing = 0;
		};
		B8B19A3D1DDC00A20095C688 /* Resources */ = {
			isa = PBXResourcesBuildPhase;
			buildActionMask = 2147483647;
			files = (
			);
			runOnlyForDeploymentPostprocessing = 0;
		};
/* End PBXResourcesBuildPhase section */

/* Begin PBXSourcesBuildPhase section */
		B8B19A1C1DDC00A10095C688 /* Sources */ = {
			isa = PBXSourcesBuildPhase;
			buildActionMask = 2147483647;
			files = (
				B8B19A261DDC00A10095C688 /* ViewController.swift in Sources */,
				B8B19A241DDC00A10095C688 /* AppDelegate.swift in Sources */,
			);
			runOnlyForDeploymentPostprocessing = 0;
		};
		B8B19A301DDC00A20095C688 /* Sources */ = {
			isa = PBXSourcesBuildPhase;
			buildActionMask = 2147483647;
			files = (
				B8B19A391DDC00A20095C688 /* ExampleTests.swift in Sources */,
			);
			runOnlyForDeploymentPostprocessing = 0;
		};
		B8B19A3B1DDC00A20095C688 /* Sources */ = {
			isa = PBXSourcesBuildPhase;
			buildActionMask = 2147483647;
			files = (
				B8B19A441DDC00A20095C688 /* ExampleUITests.swift in Sources */,
			);
			runOnlyForDeploymentPostprocessing = 0;
		};
/* End PBXSourcesBuildPhase section */

/* Begin PBXTargetDependency section */
		B8B19A361DDC00A20095C688 /* PBXTargetDependency */ = {
			isa = PBXTargetDependency;
			target = B8B19A1F1DDC00A10095C688 /* Example */;
			targetProxy = B8B19A351DDC00A20095C688 /* PBXContainerItemProxy */;
		};
		B8B19A411DDC00A20095C688 /* PBXTargetDependency */ = {
			isa = PBXTargetDependency;
			target = B8B19A1F1DDC00A10095C688 /* Example */;
			targetProxy = B8B19A401DDC00A20095C688 /* PBXContainerItemProxy */;
		};
/* End PBXTargetDependency section */

/* Begin PBXVariantGroup section */
		B8B19A271DDC00A10095C688 /* Main.storyboard */ = {
			isa = PBXVariantGroup;
			children = (
				B8B19A281DDC00A10095C688 /* Base */,
			);
			name = Main.storyboard;
			sourceTree = "<group>";
		};
		B8B19A2C1DDC00A20095C688 /* LaunchScreen.storyboard */ = {
			isa = PBXVariantGroup;
			children = (
				B8B19A2D1DDC00A20095C688 /* Base */,
			);
			name = LaunchScreen.storyboard;
			sourceTree = "<group>";
		};
/* End PBXVariantGroup section */

/* Begin XCBuildConfiguration section */
		B8B19A461DDC00A20095C688 /* Debug */ = {
			isa = XCBuildConfiguration;
			buildSettings = {
				ALWAYS_SEARCH_USER_PATHS = NO;
				CLANG_ANALYZER_NONNULL = YES;
				CLANG_CXX_LANGUAGE_STANDARD = "gnu++0x";
				CLANG_CXX_LIBRARY = "libc++";
				CLANG_ENABLE_MODULES = YES;
				CLANG_ENABLE_OBJC_ARC = YES;
				CLANG_WARN_BOOL_CONVERSION = YES;
				CLANG_WARN_CONSTANT_CONVERSION = YES;
				CLANG_WARN_DIRECT_OBJC_ISA_USAGE = YES_ERROR;
				CLANG_WARN_DOCUMENTATION_COMMENTS = YES;
				CLANG_WARN_EMPTY_BODY = YES;
				CLANG_WARN_ENUM_CONVERSION = YES;
				CLANG_WARN_INFINITE_RECURSION = YES;
				CLANG_WARN_INT_CONVERSION = YES;
				CLANG_WARN_OBJC_ROOT_CLASS = YES_ERROR;
				CLANG_WARN_SUSPICIOUS_MOVES = YES;
				CLANG_WARN_UNREACHABLE_CODE = YES;
				CLANG_WARN__DUPLICATE_METHOD_MATCH = YES;
				"CODE_SIGN_IDENTITY[sdk=iphoneos*]" = "iPhone Developer";
				COPY_PHASE_STRIP = NO;
				DEBUG_INFORMATION_FORMAT = dwarf;
				ENABLE_STRICT_OBJC_MSGSEND = YES;
				ENABLE_TESTABILITY = YES;
				GCC_C_LANGUAGE_STANDARD = gnu99;
				GCC_DYNAMIC_NO_PIC = NO;
				GCC_NO_COMMON_BLOCKS = YES;
				GCC_OPTIMIZATION_LEVEL = 0;
				GCC_PREPROCESSOR_DEFINITIONS = (
					"DEBUG=1",
					"$(inherited)",
				);
				GCC_WARN_64_TO_32_BIT_CONVERSION = YES;
				GCC_WARN_ABOUT_RETURN_TYPE = YES_ERROR;
				GCC_WARN_UNDECLARED_SELECTOR = YES;
				GCC_WARN_UNINITIALIZED_AUTOS = YES_AGGRESSIVE;
				GCC_WARN_UNUSED_FUNCTION = YES;
				GCC_WARN_UNUSED_VARIABLE = YES;
				IPHONEOS_DEPLOYMENT_TARGET = 10.1;
				MTL_ENABLE_DEBUG_INFO = YES;
				ONLY_ACTIVE_ARCH = YES;
				SDKROOT = iphoneos;
				SWIFT_ACTIVE_COMPILATION_CONDITIONS = DEBUG;
				SWIFT_OPTIMIZATION_LEVEL = "-Onone";
				TARGETED_DEVICE_FAMILY = "1,2";
			};
			name = Debug;
		};
		B8B19A471DDC00A20095C688 /* Release */ = {
			isa = XCBuildConfiguration;
			buildSettings = {
				ALWAYS_SEARCH_USER_PATHS = NO;
				CLANG_ANALYZER_NONNULL = YES;
				CLANG_CXX_LANGUAGE_STANDARD = "gnu++0x";
				CLANG_CXX_LIBRARY = "libc++";
				CLANG_ENABLE_MODULES = YES;
				CLANG_ENABLE_OBJC_ARC = YES;
				CLANG_WARN_BOOL_CONVERSION = YES;
				CLANG_WARN_CONSTANT_CONVERSION = YES;
				CLANG_WARN_DIRECT_OBJC_ISA_USAGE = YES_ERROR;
				CLANG_WARN_DOCUMENTATION_COMMENTS = YES;
				CLANG_WARN_EMPTY_BODY = YES;
				CLANG_WARN_ENUM_CONVERSION = YES;
				CLANG_WARN_INFINITE_RECURSION = YES;
				CLANG_WARN_INT_CONVERSION = YES;
				CLANG_WARN_OBJC_ROOT_CLASS = YES_ERROR;
				CLANG_WARN_SUSPICIOUS_MOVES = YES;
				CLANG_WARN_UNREACHABLE_CODE = YES;
				CLANG_WARN__DUPLICATE_METHOD_MATCH = YES;
				"CODE_SIGN_IDENTITY[sdk=iphoneos*]" = "iPhone Developer";
				COPY_PHASE_STRIP = NO;
				DEBUG_INFORMATION_FORMAT = "dwarf-with-dsym";
				ENABLE_NS_ASSERTIONS = NO;
				ENABLE_STRICT_OBJC_MSGSEND = YES;
				GCC_C_LANGUAGE_STANDARD = gnu99;
				GCC_NO_COMMON_BLOCKS = YES;
				GCC_WARN_64_TO_32_BIT_CONVERSION = YES;
				GCC_WARN_ABOUT_RETURN_TYPE = YES_ERROR;
				GCC_WARN_UNDECLARED_SELECTOR = YES;
				GCC_WARN_UNINITIALIZED_AUTOS = YES_AGGRESSIVE;
				GCC_WARN_UNUSED_FUNCTION = YES;
				GCC_WARN_UNUSED_VARIABLE = YES;
				IPHONEOS_DEPLOYMENT_TARGET = 10.1;
				MTL_ENABLE_DEBUG_INFO = NO;
				SDKROOT = iphoneos;
				SWIFT_OPTIMIZATION_LEVEL = "-Owholemodule";
				TARGETED_DEVICE_FAMILY = "1,2";
				VALIDATE_PRODUCT = YES;
			};
			name = Release;
		};
		B8B19A491DDC00A20095C688 /* Debug */ = {
			isa = XCBuildConfiguration;
			buildSettings = {
				ASSETCATALOG_COMPILER_APPICON_NAME = AppIcon;
				DEVELOPMENT_TEAM = ZADQ8AK2T5;
				FRAMEWORK_SEARCH_PATHS = (
					"$(inherited)",
					"$(PROJECT_DIR)/Vender",
				);
				INFOPLIST_FILE = Example/Info.plist;
				IPHONEOS_DEPLOYMENT_TARGET = 10.0;
				LD_RUNPATH_SEARCH_PATHS = "$(inherited) @executable_path/Frameworks";
				PRODUCT_BUNDLE_IDENTIFIER = LM31.Example;
				PRODUCT_NAME = "$(TARGET_NAME)";
				SWIFT_VERSION = 3.0;
			};
			name = Debug;
		};
		B8B19A4A1DDC00A20095C688 /* Release */ = {
			isa = XCBuildConfiguration;
			buildSettings = {
				ASSETCATALOG_COMPILER_APPICON_NAME = AppIcon;
				DEVELOPMENT_TEAM = ZADQ8AK2T5;
				FRAMEWORK_SEARCH_PATHS = (
					"$(inherited)",
					"$(PROJECT_DIR)/Vender",
				);
				INFOPLIST_FILE = Example/Info.plist;
				IPHONEOS_DEPLOYMENT_TARGET = 10.0;
				LD_RUNPATH_SEARCH_PATHS = "$(inherited) @executable_path/Frameworks";
				PRODUCT_BUNDLE_IDENTIFIER = LM31.Example;
				PRODUCT_NAME = "$(TARGET_NAME)";
				SWIFT_VERSION = 3.0;
			};
			name = Release;
		};
		B8B19A4C1DDC00A20095C688 /* Debug */ = {
			isa = XCBuildConfiguration;
			buildSettings = {
				ALWAYS_EMBED_SWIFT_STANDARD_LIBRARIES = YES;
				BUNDLE_LOADER = "$(TEST_HOST)";
				DEVELOPMENT_TEAM = ZADQ8AK2T5;
				INFOPLIST_FILE = ExampleTests/Info.plist;
				LD_RUNPATH_SEARCH_PATHS = "$(inherited) @executable_path/Frameworks @loader_path/Frameworks";
				PRODUCT_BUNDLE_IDENTIFIER = LM31.ExampleTests;
				PRODUCT_NAME = "$(TARGET_NAME)";
				SWIFT_VERSION = 3.0;
				TEST_HOST = "$(BUILT_PRODUCTS_DIR)/Example.app/Example";
			};
			name = Debug;
		};
		B8B19A4D1DDC00A20095C688 /* Release */ = {
			isa = XCBuildConfiguration;
			buildSettings = {
				ALWAYS_EMBED_SWIFT_STANDARD_LIBRARIES = YES;
				BUNDLE_LOADER = "$(TEST_HOST)";
				DEVELOPMENT_TEAM = ZADQ8AK2T5;
				INFOPLIST_FILE = ExampleTests/Info.plist;
				LD_RUNPATH_SEARCH_PATHS = "$(inherited) @executable_path/Frameworks @loader_path/Frameworks";
				PRODUCT_BUNDLE_IDENTIFIER = LM31.ExampleTests;
				PRODUCT_NAME = "$(TARGET_NAME)";
				SWIFT_VERSION = 3.0;
				TEST_HOST = "$(BUILT_PRODUCTS_DIR)/Example.app/Example";
			};
			name = Release;
		};
		B8B19A4F1DDC00A20095C688 /* Debug */ = {
			isa = XCBuildConfiguration;
			buildSettings = {
				ALWAYS_EMBED_SWIFT_STANDARD_LIBRARIES = YES;
				DEVELOPMENT_TEAM = ZADQ8AK2T5;
				INFOPLIST_FILE = ExampleUITests/Info.plist;
				LD_RUNPATH_SEARCH_PATHS = "$(inherited) @executable_path/Frameworks @loader_path/Frameworks";
				PRODUCT_BUNDLE_IDENTIFIER = LM31.ExampleUITests;
				PRODUCT_NAME = "$(TARGET_NAME)";
				SWIFT_VERSION = 3.0;
				TEST_TARGET_NAME = Example;
			};
			name = Debug;
		};
		B8B19A501DDC00A20095C688 /* Release */ = {
			isa = XCBuildConfiguration;
			buildSettings = {
				ALWAYS_EMBED_SWIFT_STANDARD_LIBRARIES = YES;
				DEVELOPMENT_TEAM = ZADQ8AK2T5;
				INFOPLIST_FILE = ExampleUITests/Info.plist;
				LD_RUNPATH_SEARCH_PATHS = "$(inherited) @executable_path/Frameworks @loader_path/Frameworks";
				PRODUCT_BUNDLE_IDENTIFIER = LM31.ExampleUITests;
				PRODUCT_NAME = "$(TARGET_NAME)";
				SWIFT_VERSION = 3.0;
				TEST_TARGET_NAME = Example;
			};
			name = Release;
		};
/* End XCBuildConfiguration section */

/* Begin XCConfigurationList section */
		B8B19A1B1DDC00A10095C688 /* Build configuration list for PBXProject "Example" */ = {
			isa = XCConfigurationList;
			buildConfigurations = (
				B8B19A461DDC00A20095C688 /* Debug */,
				B8B19A471DDC00A20095C688 /* Release */,
			);
			defaultConfigurationIsVisible = 0;
			defaultConfigurationName = Release;
		};
		B8B19A481DDC00A20095C688 /* Build configuration list for PBXNativeTarget "Example" */ = {
			isa = XCConfigurationList;
			buildConfigurations = (
				B8B19A491DDC00A20095C688 /* Debug */,
				B8B19A4A1DDC00A20095C688 /* Release */,
			);
			defaultConfigurationIsVisible = 0;
			defaultConfigurationName = Release;
		};
		B8B19A4B1DDC00A20095C688 /* Build configuration list for PBXNativeTarget "ExampleTests" */ = {
			isa = XCConfigurationList;
			buildConfigurations = (
				B8B19A4C1DDC00A20095C688 /* Debug */,
				B8B19A4D1DDC00A20095C688 /* Release */,
			);
			defaultConfigurationIsVisible = 0;
			defaultConfigurationName = Release;
		};
		B8B19A4E1DDC00A20095C688 /* Build configuration list for PBXNativeTarget "ExampleUITests" */ = {
			isa = XCConfigurationList;
			buildConfigurations = (
				B8B19A4F1DDC00A20095C688 /* Debug */,
				B8B19A501DDC00A20095C688 /* Release */,
			);
			defaultConfigurationIsVisible = 0;
			defaultConfigurationName = Release;
		};
/* End XCConfigurationList section */
	};
	rootObject = B8B19A181DDC00A10095C688 /* Project object */;
}
